// !$*UTF8*$!
{
	archiveVersion = 1;
	classes = {
	};
	objectVersion = 56;
	objects = {

/* Begin PBXBuildFile section */
		1208031D2D3D6EFD0075C2E7 /* AppDelegate.swift in Sources */ = {isa = PBXBuildFile; fileRef = 1208031C2D3D6EFD0075C2E7 /* AppDelegate.swift */; };
		1208031F2D3D6EFD0075C2E7 /* SceneDelegate.swift in Sources */ = {isa = PBXBuildFile; fileRef = 1208031E2D3D6EFD0075C2E7 /* SceneDelegate.swift */; };
		120803212D3D6EFD0075C2E7 /* ConversationsViewController.swift in Sources */ = {isa = PBXBuildFile; fileRef = 120803202D3D6EFD0075C2E7 /* ConversationsViewController.swift */; };
		120803242D3D6EFD0075C2E7 /* Base in Resources */ = {isa = PBXBuildFile; fileRef = 120803232D3D6EFD0075C2E7 /* Base */; };
		120803262D3D6EFD0075C2E7 /* Assets.xcassets in Resources */ = {isa = PBXBuildFile; fileRef = 120803252D3D6EFD0075C2E7 /* Assets.xcassets */; };
		120803292D3D6EFD0075C2E7 /* Base in Resources */ = {isa = PBXBuildFile; fileRef = 120803282D3D6EFD0075C2E7 /* Base */; };
		120803342D3D6EFD0075C2E7 /* MessengerTests.swift in Sources */ = {isa = PBXBuildFile; fileRef = 120803332D3D6EFD0075C2E7 /* MessengerTests.swift */; };
		1208033E2D3D6EFD0075C2E7 /* MessengerUITests.swift in Sources */ = {isa = PBXBuildFile; fileRef = 1208033D2D3D6EFD0075C2E7 /* MessengerUITests.swift */; };
		120803402D3D6EFD0075C2E7 /* MessengerUITestsLaunchTests.swift in Sources */ = {isa = PBXBuildFile; fileRef = 1208033F2D3D6EFD0075C2E7 /* MessengerUITestsLaunchTests.swift */; };
		120803532D3D747B0075C2E7 /* LoginViewController.swift in Sources */ = {isa = PBXBuildFile; fileRef = 120803522D3D747B0075C2E7 /* LoginViewController.swift */; };
		120803552D3D74940075C2E7 /* RegisterViewController.swift in Sources */ = {isa = PBXBuildFile; fileRef = 120803542D3D74940075C2E7 /* RegisterViewController.swift */; };
		120803572D3D74A60075C2E7 /* PhotoViewerViewController.swift in Sources */ = {isa = PBXBuildFile; fileRef = 120803562D3D74A60075C2E7 /* PhotoViewerViewController.swift */; };
		120803592D3D74B30075C2E7 /* VideoPlayerViewController.swift in Sources */ = {isa = PBXBuildFile; fileRef = 120803582D3D74B30075C2E7 /* VideoPlayerViewController.swift */; };
		1208035B2D3D74D10075C2E7 /* NewConversationViewController.swift in Sources */ = {isa = PBXBuildFile; fileRef = 1208035A2D3D74D10075C2E7 /* NewConversationViewController.swift */; };
		1208035D2D3D74EB0075C2E7 /* ProfileViewController.swift in Sources */ = {isa = PBXBuildFile; fileRef = 1208035C2D3D74EB0075C2E7 /* ProfileViewController.swift */; };
		1212611F2D4028F700C3E0DE /* GoogleService-Info.plist in Resources */ = {isa = PBXBuildFile; fileRef = 1212611E2D4028F700C3E0DE /* GoogleService-Info.plist */; };
		122CCCED2D3EBBB3007F7756 /* Extensions.swift in Sources */ = {isa = PBXBuildFile; fileRef = 122CCCEC2D3EBBB3007F7756 /* Extensions.swift */; };
		12A07EF42D40FE120029E6A3 /* FirebaseAnalytics in Frameworks */ = {isa = PBXBuildFile; productRef = 12A07EF32D40FE120029E6A3 /* FirebaseAnalytics */; };
		12A07EF62D40FE120029E6A3 /* FirebaseAnalyticsOnDeviceConversion in Frameworks */ = {isa = PBXBuildFile; productRef = 12A07EF52D40FE120029E6A3 /* FirebaseAnalyticsOnDeviceConversion */; };
		12A07EF82D40FE120029E6A3 /* FirebaseAnalyticsWithoutAdIdSupport in Frameworks */ = {isa = PBXBuildFile; productRef = 12A07EF72D40FE120029E6A3 /* FirebaseAnalyticsWithoutAdIdSupport */; };
		12A07EFA2D40FE120029E6A3 /* FirebaseAppCheck in Frameworks */ = {isa = PBXBuildFile; productRef = 12A07EF92D40FE120029E6A3 /* FirebaseAppCheck */; };
		12A07EFC2D40FE120029E6A3 /* FirebaseAppDistribution-Beta in Frameworks */ = {isa = PBXBuildFile; productRef = 12A07EFB2D40FE120029E6A3 /* FirebaseAppDistribution-Beta */; };
		12A07EFE2D4105750029E6A3 /* FirebaseAuth in Frameworks */ = {isa = PBXBuildFile; productRef = 12A07EFD2D4105750029E6A3 /* FirebaseAuth */; };
		12A07F002D4105750029E6A3 /* FirebaseAuthCombine-Community in Frameworks */ = {isa = PBXBuildFile; productRef = 12A07EFF2D4105750029E6A3 /* FirebaseAuthCombine-Community */; };
		12A07F022D4105750029E6A3 /* FirebaseCore in Frameworks */ = {isa = PBXBuildFile; productRef = 12A07F012D4105750029E6A3 /* FirebaseCore */; };
		12A07F042D4105750029E6A3 /* FirebaseDatabase in Frameworks */ = {isa = PBXBuildFile; productRef = 12A07F032D4105750029E6A3 /* FirebaseDatabase */; };
/* End PBXBuildFile section */

/* Begin PBXContainerItemProxy section */
		120803302D3D6EFD0075C2E7 /* PBXContainerItemProxy */ = {
			isa = PBXContainerItemProxy;
			containerPortal = 120803112D3D6EFD0075C2E7 /* Project object */;
			proxyType = 1;
			remoteGlobalIDString = 120803182D3D6EFD0075C2E7;
			remoteInfo = Messenger;
		};
		1208033A2D3D6EFD0075C2E7 /* PBXContainerItemProxy */ = {
			isa = PBXContainerItemProxy;
			containerPortal = 120803112D3D6EFD0075C2E7 /* Project object */;
			proxyType = 1;
			remoteGlobalIDString = 120803182D3D6EFD0075C2E7;
			remoteInfo = Messenger;
		};
/* End PBXContainerItemProxy section */

/* Begin PBXFileReference section */
		120803192D3D6EFD0075C2E7 /* Messenger.app */ = {isa = PBXFileReference; explicitFileType = wrapper.application; includeInIndex = 0; path = Messenger.app; sourceTree = BUILT_PRODUCTS_DIR; };
		1208031C2D3D6EFD0075C2E7 /* AppDelegate.swift */ = {isa = PBXFileReference; lastKnownFileType = sourcecode.swift; path = AppDelegate.swift; sourceTree = "<group>"; };
		1208031E2D3D6EFD0075C2E7 /* SceneDelegate.swift */ = {isa = PBXFileReference; lastKnownFileType = sourcecode.swift; path = SceneDelegate.swift; sourceTree = "<group>"; };
		120803202D3D6EFD0075C2E7 /* ConversationsViewController.swift */ = {isa = PBXFileReference; lastKnownFileType = sourcecode.swift; path = ConversationsViewController.swift; sourceTree = "<group>"; };
		120803232D3D6EFD0075C2E7 /* Base */ = {isa = PBXFileReference; lastKnownFileType = file.storyboard; name = Base; path = Base.lproj/Main.storyboard; sourceTree = "<group>"; };
		120803252D3D6EFD0075C2E7 /* Assets.xcassets */ = {isa = PBXFileReference; lastKnownFileType = folder.assetcatalog; path = Assets.xcassets; sourceTree = "<group>"; };
		120803282D3D6EFD0075C2E7 /* Base */ = {isa = PBXFileReference; lastKnownFileType = file.storyboard; name = Base; path = Base.lproj/LaunchScreen.storyboard; sourceTree = "<group>"; };
		1208032A2D3D6EFD0075C2E7 /* Info.plist */ = {isa = PBXFileReference; lastKnownFileType = text.plist.xml; path = Info.plist; sourceTree = "<group>"; };
		1208032F2D3D6EFD0075C2E7 /* MessengerTests.xctest */ = {isa = PBXFileReference; explicitFileType = wrapper.cfbundle; includeInIndex = 0; path = MessengerTests.xctest; sourceTree = BUILT_PRODUCTS_DIR; };
		120803332D3D6EFD0075C2E7 /* MessengerTests.swift */ = {isa = PBXFileReference; lastKnownFileType = sourcecode.swift; path = MessengerTests.swift; sourceTree = "<group>"; };
		120803392D3D6EFD0075C2E7 /* MessengerUITests.xctest */ = {isa = PBXFileReference; explicitFileType = wrapper.cfbundle; includeInIndex = 0; path = MessengerUITests.xctest; sourceTree = BUILT_PRODUCTS_DIR; };
		1208033D2D3D6EFD0075C2E7 /* MessengerUITests.swift */ = {isa = PBXFileReference; lastKnownFileType = sourcecode.swift; path = MessengerUITests.swift; sourceTree = "<group>"; };
		1208033F2D3D6EFD0075C2E7 /* MessengerUITestsLaunchTests.swift */ = {isa = PBXFileReference; lastKnownFileType = sourcecode.swift; path = MessengerUITestsLaunchTests.swift; sourceTree = "<group>"; };
		120803522D3D747B0075C2E7 /* LoginViewController.swift */ = {isa = PBXFileReference; lastKnownFileType = sourcecode.swift; path = LoginViewController.swift; sourceTree = "<group>"; };
		120803542D3D74940075C2E7 /* RegisterViewController.swift */ = {isa = PBXFileReference; lastKnownFileType = sourcecode.swift; path = RegisterViewController.swift; sourceTree = "<group>"; };
		120803562D3D74A60075C2E7 /* PhotoViewerViewController.swift */ = {isa = PBXFileReference; lastKnownFileType = sourcecode.swift; path = PhotoViewerViewController.swift; sourceTree = "<group>"; };
		120803582D3D74B30075C2E7 /* VideoPlayerViewController.swift */ = {isa = PBXFileReference; lastKnownFileType = sourcecode.swift; path = VideoPlayerViewController.swift; sourceTree = "<group>"; };
		1208035A2D3D74D10075C2E7 /* NewConversationViewController.swift */ = {isa = PBXFileReference; lastKnownFileType = sourcecode.swift; path = NewConversationViewController.swift; sourceTree = "<group>"; };
		1208035C2D3D74EB0075C2E7 /* ProfileViewController.swift */ = {isa = PBXFileReference; lastKnownFileType = sourcecode.swift; path = ProfileViewController.swift; sourceTree = "<group>"; };
		1212611E2D4028F700C3E0DE /* GoogleService-Info.plist */ = {isa = PBXFileReference; fileEncoding = 4; lastKnownFileType = text.plist.xml; path = "GoogleService-Info.plist"; sourceTree = "<group>"; };
		122CCCEC2D3EBBB3007F7756 /* Extensions.swift */ = {isa = PBXFileReference; lastKnownFileType = sourcecode.swift; path = Extensions.swift; sourceTree = "<group>"; };
/* End PBXFileReference section */

/* Begin PBXFrameworksBuildPhase section */
		120803162D3D6EFD0075C2E7 /* Frameworks */ = {
			isa = PBXFrameworksBuildPhase;
			buildActionMask = 2147483647;
			files = (
				12A07EF42D40FE120029E6A3 /* FirebaseAnalytics in Frameworks */,
				12A07EFE2D4105750029E6A3 /* FirebaseAuth in Frameworks */,
				12A07EF62D40FE120029E6A3 /* FirebaseAnalyticsOnDeviceConversion in Frameworks */,
				12A07EFA2D40FE120029E6A3 /* FirebaseAppCheck in Frameworks */,
				12A07EF82D40FE120029E6A3 /* FirebaseAnalyticsWithoutAdIdSupport in Frameworks */,
				12A07F002D4105750029E6A3 /* FirebaseAuthCombine-Community in Frameworks */,
				12A07F042D4105750029E6A3 /* FirebaseDatabase in Frameworks */,
				12A07F022D4105750029E6A3 /* FirebaseCore in Frameworks */,
				12A07EFC2D40FE120029E6A3 /* FirebaseAppDistribution-Beta in Frameworks */,
			);
			runOnlyForDeploymentPostprocessing = 0;
		};
		1208032C2D3D6EFD0075C2E7 /* Frameworks */ = {
			isa = PBXFrameworksBuildPhase;
			buildActionMask = 2147483647;
			files = (
			);
			runOnlyForDeploymentPostprocessing = 0;
		};
		120803362D3D6EFD0075C2E7 /* Frameworks */ = {
			isa = PBXFrameworksBuildPhase;
			buildActionMask = 2147483647;
			files = (
			);
			runOnlyForDeploymentPostprocessing = 0;
		};
/* End PBXFrameworksBuildPhase section */

/* Begin PBXGroup section */
		120803102D3D6EFD0075C2E7 = {
			isa = PBXGroup;
			children = (
				1208031B2D3D6EFD0075C2E7 /* Messenger */,
				120803322D3D6EFD0075C2E7 /* MessengerTests */,
				1208033C2D3D6EFD0075C2E7 /* MessengerUITests */,
				1208031A2D3D6EFD0075C2E7 /* Products */,
			);
			sourceTree = "<group>";
		};
		1208031A2D3D6EFD0075C2E7 /* Products */ = {
			isa = PBXGroup;
			children = (
				120803192D3D6EFD0075C2E7 /* Messenger.app */,
				1208032F2D3D6EFD0075C2E7 /* MessengerTests.xctest */,
				120803392D3D6EFD0075C2E7 /* MessengerUITests.xctest */,
			);
			name = Products;
			sourceTree = "<group>";
		};
		1208031B2D3D6EFD0075C2E7 /* Messenger */ = {
			isa = PBXGroup;
			children = (
				1212611E2D4028F700C3E0DE /* GoogleService-Info.plist */,
				120803502D3D732F0075C2E7 /* Resourses */,
				1208034F2D3D73270075C2E7 /* ViewModels */,
				1208034E2D3D73230075C2E7 /* Models */,
				1208034D2D3D73120075C2E7 /* Views */,
				1208034C2D3D730B0075C2E7 /* Controllers */,
				1208032A2D3D6EFD0075C2E7 /* Info.plist */,
			);
			path = Messenger;
			sourceTree = "<group>";
		};
		120803322D3D6EFD0075C2E7 /* MessengerTests */ = {
			isa = PBXGroup;
			children = (
				120803332D3D6EFD0075C2E7 /* MessengerTests.swift */,
			);
			path = MessengerTests;
			sourceTree = "<group>";
		};
		1208033C2D3D6EFD0075C2E7 /* MessengerUITests */ = {
			isa = PBXGroup;
			children = (
				1208033D2D3D6EFD0075C2E7 /* MessengerUITests.swift */,
				1208033F2D3D6EFD0075C2E7 /* MessengerUITestsLaunchTests.swift */,
			);
			path = MessengerUITests;
			sourceTree = "<group>";
		};
		1208034C2D3D730B0075C2E7 /* Controllers */ = {
			isa = PBXGroup;
			children = (
				120803202D3D6EFD0075C2E7 /* ConversationsViewController.swift */,
				122CCCEB2D3EB785007F7756 /* Login */,
				120803562D3D74A60075C2E7 /* PhotoViewerViewController.swift */,
				120803582D3D74B30075C2E7 /* VideoPlayerViewController.swift */,
				1208035A2D3D74D10075C2E7 /* NewConversationViewController.swift */,
				1208035C2D3D74EB0075C2E7 /* ProfileViewController.swift */,
			);
			path = Controllers;
			sourceTree = "<group>";
		};
		1208034D2D3D73120075C2E7 /* Views */ = {
			isa = PBXGroup;
			children = (
				120803512D3D737E0075C2E7 /* Storyboards */,
				120803252D3D6EFD0075C2E7 /* Assets.xcassets */,
			);
			path = Views;
			sourceTree = "<group>";
		};
		1208034E2D3D73230075C2E7 /* Models */ = {
			isa = PBXGroup;
			children = (
			);
			path = Models;
			sourceTree = "<group>";
		};
		1208034F2D3D73270075C2E7 /* ViewModels */ = {
			isa = PBXGroup;
			children = (
			);
			path = ViewModels;
			sourceTree = "<group>";
		};
		120803502D3D732F0075C2E7 /* Resourses */ = {
			isa = PBXGroup;
			children = (
				1208031C2D3D6EFD0075C2E7 /* AppDelegate.swift */,
				1208031E2D3D6EFD0075C2E7 /* SceneDelegate.swift */,
				122CCCEC2D3EBBB3007F7756 /* Extensions.swift */,
			);
			path = Resourses;
			sourceTree = "<group>";
		};
		120803512D3D737E0075C2E7 /* Storyboards */ = {
			isa = PBXGroup;
			children = (
				120803222D3D6EFD0075C2E7 /* Main.storyboard */,
				120803272D3D6EFD0075C2E7 /* LaunchScreen.storyboard */,
			);
			path = Storyboards;
			sourceTree = "<group>";
		};
		122CCCEB2D3EB785007F7756 /* Login */ = {
			isa = PBXGroup;
			children = (
				120803522D3D747B0075C2E7 /* LoginViewController.swift */,
				120803542D3D74940075C2E7 /* RegisterViewController.swift */,
			);
			path = Login;
			sourceTree = "<group>";
		};
/* End PBXGroup section */

/* Begin PBXNativeTarget section */
		120803182D3D6EFD0075C2E7 /* Messenger */ = {
			isa = PBXNativeTarget;
			buildConfigurationList = 120803432D3D6EFD0075C2E7 /* Build configuration list for PBXNativeTarget "Messenger" */;
			buildPhases = (
				120803152D3D6EFD0075C2E7 /* Sources */,
				120803162D3D6EFD0075C2E7 /* Frameworks */,
				120803172D3D6EFD0075C2E7 /* Resources */,
			);
			buildRules = (
			);
			dependencies = (
			);
			name = Messenger;
			packageProductDependencies = (
				12A07EF32D40FE120029E6A3 /* FirebaseAnalytics */,
				12A07EF52D40FE120029E6A3 /* FirebaseAnalyticsOnDeviceConversion */,
				12A07EF72D40FE120029E6A3 /* FirebaseAnalyticsWithoutAdIdSupport */,
				12A07EF92D40FE120029E6A3 /* FirebaseAppCheck */,
				12A07EFB2D40FE120029E6A3 /* FirebaseAppDistribution-Beta */,
				12A07EFD2D4105750029E6A3 /* FirebaseAuth */,
				12A07EFF2D4105750029E6A3 /* FirebaseAuthCombine-Community */,
				12A07F012D4105750029E6A3 /* FirebaseCore */,
				12A07F032D4105750029E6A3 /* FirebaseDatabase */,
			);
			productName = Messenger;
			productReference = 120803192D3D6EFD0075C2E7 /* Messenger.app */;
			productType = "com.apple.product-type.application";
		};
		1208032E2D3D6EFD0075C2E7 /* MessengerTests */ = {
			isa = PBXNativeTarget;
			buildConfigurationList = 120803462D3D6EFD0075C2E7 /* Build configuration list for PBXNativeTarget "MessengerTests" */;
			buildPhases = (
				F0088703E414BF095C845FFB /* [CP] Check Pods Manifest.lock */,
				1208032B2D3D6EFD0075C2E7 /* Sources */,
				1208032C2D3D6EFD0075C2E7 /* Frameworks */,
				1208032D2D3D6EFD0075C2E7 /* Resources */,
			);
			buildRules = (
			);
			dependencies = (
				120803312D3D6EFD0075C2E7 /* PBXTargetDependency */,
			);
			name = MessengerTests;
			productName = MessengerTests;
			productReference = 1208032F2D3D6EFD0075C2E7 /* MessengerTests.xctest */;
			productType = "com.apple.product-type.bundle.unit-test";
		};
		120803382D3D6EFD0075C2E7 /* MessengerUITests */ = {
			isa = PBXNativeTarget;
			buildConfigurationList = 120803492D3D6EFD0075C2E7 /* Build configuration list for PBXNativeTarget "MessengerUITests" */;
			buildPhases = (
				C8B990FC57C663B392D10827 /* [CP] Check Pods Manifest.lock */,
				120803352D3D6EFD0075C2E7 /* Sources */,
				120803362D3D6EFD0075C2E7 /* Frameworks */,
				120803372D3D6EFD0075C2E7 /* Resources */,
				58FC0D2DB4150D9938407BF1 /* [CP] Embed Pods Frameworks */,
			);
			buildRules = (
			);
			dependencies = (
				1208033B2D3D6EFD0075C2E7 /* PBXTargetDependency */,
			);
			name = MessengerUITests;
			productName = MessengerUITests;
			productReference = 120803392D3D6EFD0075C2E7 /* MessengerUITests.xctest */;
			productType = "com.apple.product-type.bundle.ui-testing";
		};
/* End PBXNativeTarget section */

/* Begin PBXProject section */
		120803112D3D6EFD0075C2E7 /* Project object */ = {
			isa = PBXProject;
			attributes = {
				BuildIndependentTargetsInParallel = 1;
				LastSwiftUpdateCheck = 1540;
				LastUpgradeCheck = 1540;
				TargetAttributes = {
					120803182D3D6EFD0075C2E7 = {
						CreatedOnToolsVersion = 15.4;
					};
					1208032E2D3D6EFD0075C2E7 = {
						CreatedOnToolsVersion = 15.4;
						TestTargetID = 120803182D3D6EFD0075C2E7;
					};
					120803382D3D6EFD0075C2E7 = {
						CreatedOnToolsVersion = 15.4;
						TestTargetID = 120803182D3D6EFD0075C2E7;
					};
				};
			};
			buildConfigurationList = 120803142D3D6EFD0075C2E7 /* Build configuration list for PBXProject "Messenger" */;
			compatibilityVersion = "Xcode 14.0";
			developmentRegion = en;
			hasScannedForEncodings = 0;
			knownRegions = (
				en,
				Base,
			);
			mainGroup = 120803102D3D6EFD0075C2E7;
			packageReferences = (
				12A07EF22D40FE120029E6A3 /* XCRemoteSwiftPackageReference "firebase-ios-sdk" */,
			);
			productRefGroup = 1208031A2D3D6EFD0075C2E7 /* Products */;
			projectDirPath = "";
			projectRoot = "";
			targets = (
				120803182D3D6EFD0075C2E7 /* Messenger */,
				1208032E2D3D6EFD0075C2E7 /* MessengerTests */,
				120803382D3D6EFD0075C2E7 /* MessengerUITests */,
			);
		};
/* End PBXProject section */

/* Begin PBXResourcesBuildPhase section */
		120803172D3D6EFD0075C2E7 /* Resources */ = {
			isa = PBXResourcesBuildPhase;
			buildActionMask = 2147483647;
			files = (
				120803262D3D6EFD0075C2E7 /* Assets.xcassets in Resources */,
				1212611F2D4028F700C3E0DE /* GoogleService-Info.plist in Resources */,
				120803292D3D6EFD0075C2E7 /* Base in Resources */,
				120803242D3D6EFD0075C2E7 /* Base in Resources */,
			);
			runOnlyForDeploymentPostprocessing = 0;
		};
		1208032D2D3D6EFD0075C2E7 /* Resources */ = {
			isa = PBXResourcesBuildPhase;
			buildActionMask = 2147483647;
			files = (
			);
			runOnlyForDeploymentPostprocessing = 0;
		};
		120803372D3D6EFD0075C2E7 /* Resources */ = {
			isa = PBXResourcesBuildPhase;
			buildActionMask = 2147483647;
			files = (
			);
			runOnlyForDeploymentPostprocessing = 0;
		};
/* End PBXResourcesBuildPhase section */

/* Begin PBXShellScriptBuildPhase section */
		58FC0D2DB4150D9938407BF1 /* [CP] Embed Pods Frameworks */ = {
			isa = PBXShellScriptBuildPhase;
			buildActionMask = 2147483647;
			files = (
			);
			inputFileListPaths = (
				"${PODS_ROOT}/Target Support Files/Pods-Messenger-MessengerUITests/Pods-Messenger-MessengerUITests-frameworks-${CONFIGURATION}-input-files.xcfilelist",
			);
			name = "[CP] Embed Pods Frameworks";
			outputFileListPaths = (
				"${PODS_ROOT}/Target Support Files/Pods-Messenger-MessengerUITests/Pods-Messenger-MessengerUITests-frameworks-${CONFIGURATION}-output-files.xcfilelist",
			);
			runOnlyForDeploymentPostprocessing = 0;
			shellPath = /bin/sh;
			shellScript = "\"${PODS_ROOT}/Target Support Files/Pods-Messenger-MessengerUITests/Pods-Messenger-MessengerUITests-frameworks.sh\"\n";
			showEnvVarsInLog = 0;
		};
		C8B990FC57C663B392D10827 /* [CP] Check Pods Manifest.lock */ = {
			isa = PBXShellScriptBuildPhase;
			buildActionMask = 2147483647;
			files = (
			);
			inputFileListPaths = (
			);
			inputPaths = (
				"${PODS_PODFILE_DIR_PATH}/Podfile.lock",
				"${PODS_ROOT}/Manifest.lock",
			);
			name = "[CP] Check Pods Manifest.lock";
			outputFileListPaths = (
			);
			outputPaths = (
				"$(DERIVED_FILE_DIR)/Pods-Messenger-MessengerUITests-checkManifestLockResult.txt",
			);
			runOnlyForDeploymentPostprocessing = 0;
			shellPath = /bin/sh;
			shellScript = "diff \"${PODS_PODFILE_DIR_PATH}/Podfile.lock\" \"${PODS_ROOT}/Manifest.lock\" > /dev/null\nif [ $? != 0 ] ; then\n    # print error to STDERR\n    echo \"error: The sandbox is not in sync with the Podfile.lock. Run 'pod install' or update your CocoaPods installation.\" >&2\n    exit 1\nfi\n# This output is used by Xcode 'outputs' to avoid re-running this script phase.\necho \"SUCCESS\" > \"${SCRIPT_OUTPUT_FILE_0}\"\n";
			showEnvVarsInLog = 0;
		};
		F0088703E414BF095C845FFB /* [CP] Check Pods Manifest.lock */ = {
			isa = PBXShellScriptBuildPhase;
			buildActionMask = 2147483647;
			files = (
			);
			inputFileListPaths = (
			);
			inputPaths = (
				"${PODS_PODFILE_DIR_PATH}/Podfile.lock",
				"${PODS_ROOT}/Manifest.lock",
			);
			name = "[CP] Check Pods Manifest.lock";
			outputFileListPaths = (
			);
			outputPaths = (
				"$(DERIVED_FILE_DIR)/Pods-MessengerTests-checkManifestLockResult.txt",
			);
			runOnlyForDeploymentPostprocessing = 0;
			shellPath = /bin/sh;
			shellScript = "diff \"${PODS_PODFILE_DIR_PATH}/Podfile.lock\" \"${PODS_ROOT}/Manifest.lock\" > /dev/null\nif [ $? != 0 ] ; then\n    # print error to STDERR\n    echo \"error: The sandbox is not in sync with the Podfile.lock. Run 'pod install' or update your CocoaPods installation.\" >&2\n    exit 1\nfi\n# This output is used by Xcode 'outputs' to avoid re-running this script phase.\necho \"SUCCESS\" > \"${SCRIPT_OUTPUT_FILE_0}\"\n";
			showEnvVarsInLog = 0;
		};
/* End PBXShellScriptBuildPhase section */

/* Begin PBXSourcesBuildPhase section */
		120803152D3D6EFD0075C2E7 /* Sources */ = {
			isa = PBXSourcesBuildPhase;
			buildActionMask = 2147483647;
			files = (
				120803532D3D747B0075C2E7 /* LoginViewController.swift in Sources */,
				120803552D3D74940075C2E7 /* RegisterViewController.swift in Sources */,
				1208035B2D3D74D10075C2E7 /* NewConversationViewController.swift in Sources */,
				120803212D3D6EFD0075C2E7 /* ConversationsViewController.swift in Sources */,
				120803592D3D74B30075C2E7 /* VideoPlayerViewController.swift in Sources */,
				122CCCED2D3EBBB3007F7756 /* Extensions.swift in Sources */,
				1208031D2D3D6EFD0075C2E7 /* AppDelegate.swift in Sources */,
				1208035D2D3D74EB0075C2E7 /* ProfileViewController.swift in Sources */,
				1208031F2D3D6EFD0075C2E7 /* SceneDelegate.swift in Sources */,
				120803572D3D74A60075C2E7 /* PhotoViewerViewController.swift in Sources */,
			);
			runOnlyForDeploymentPostprocessing = 0;
		};
		1208032B2D3D6EFD0075C2E7 /* Sources */ = {
			isa = PBXSourcesBuildPhase;
			buildActionMask = 2147483647;
			files = (
				120803342D3D6EFD0075C2E7 /* MessengerTests.swift in Sources */,
			);
			runOnlyForDeploymentPostprocessing = 0;
		};
		120803352D3D6EFD0075C2E7 /* Sources */ = {
			isa = PBXSourcesBuildPhase;
			buildActionMask = 2147483647;
			files = (
				120803402D3D6EFD0075C2E7 /* MessengerUITestsLaunchTests.swift in Sources */,
				1208033E2D3D6EFD0075C2E7 /* MessengerUITests.swift in Sources */,
			);
			runOnlyForDeploymentPostprocessing = 0;
		};
/* End PBXSourcesBuildPhase section */

/* Begin PBXTargetDependency section */
		120803312D3D6EFD0075C2E7 /* PBXTargetDependency */ = {
			isa = PBXTargetDependency;
			target = 120803182D3D6EFD0075C2E7 /* Messenger */;
			targetProxy = 120803302D3D6EFD0075C2E7 /* PBXContainerItemProxy */;
		};
		1208033B2D3D6EFD0075C2E7 /* PBXTargetDependency */ = {
			isa = PBXTargetDependency;
			target = 120803182D3D6EFD0075C2E7 /* Messenger */;
			targetProxy = 1208033A2D3D6EFD0075C2E7 /* PBXContainerItemProxy */;
		};
/* End PBXTargetDependency section */

/* Begin PBXVariantGroup section */
		120803222D3D6EFD0075C2E7 /* Main.storyboard */ = {
			isa = PBXVariantGroup;
			children = (
				120803232D3D6EFD0075C2E7 /* Base */,
			);
			name = Main.storyboard;
			sourceTree = "<group>";
		};
		120803272D3D6EFD0075C2E7 /* LaunchScreen.storyboard */ = {
			isa = PBXVariantGroup;
			children = (
				120803282D3D6EFD0075C2E7 /* Base */,
			);
			name = LaunchScreen.storyboard;
			sourceTree = "<group>";
		};
/* End PBXVariantGroup section */

/* Begin XCBuildConfiguration section */
		120803412D3D6EFD0075C2E7 /* Debug */ = {
			isa = XCBuildConfiguration;
			buildSettings = {
				ALWAYS_SEARCH_USER_PATHS = NO;
				ASSETCATALOG_COMPILER_GENERATE_SWIFT_ASSET_SYMBOL_EXTENSIONS = YES;
				CLANG_ANALYZER_NONNULL = YES;
				CLANG_ANALYZER_NUMBER_OBJECT_CONVERSION = YES_AGGRESSIVE;
				CLANG_CXX_LANGUAGE_STANDARD = "gnu++20";
				CLANG_ENABLE_MODULES = YES;
				CLANG_ENABLE_OBJC_ARC = YES;
				CLANG_ENABLE_OBJC_WEAK = YES;
				CLANG_WARN_BLOCK_CAPTURE_AUTORELEASING = YES;
				CLANG_WARN_BOOL_CONVERSION = YES;
				CLANG_WARN_COMMA = YES;
				CLANG_WARN_CONSTANT_CONVERSION = YES;
				CLANG_WARN_DEPRECATED_OBJC_IMPLEMENTATIONS = YES;
				CLANG_WARN_DIRECT_OBJC_ISA_USAGE = YES_ERROR;
				CLANG_WARN_DOCUMENTATION_COMMENTS = YES;
				CLANG_WARN_EMPTY_BODY = YES;
				CLANG_WARN_ENUM_CONVERSION = YES;
				CLANG_WARN_INFINITE_RECURSION = YES;
				CLANG_WARN_INT_CONVERSION = YES;
				CLANG_WARN_NON_LITERAL_NULL_CONVERSION = YES;
				CLANG_WARN_OBJC_IMPLICIT_RETAIN_SELF = YES;
				CLANG_WARN_OBJC_LITERAL_CONVERSION = YES;
				CLANG_WARN_OBJC_ROOT_CLASS = YES_ERROR;
				CLANG_WARN_QUOTED_INCLUDE_IN_FRAMEWORK_HEADER = YES;
				CLANG_WARN_RANGE_LOOP_ANALYSIS = YES;
				CLANG_WARN_STRICT_PROTOTYPES = YES;
				CLANG_WARN_SUSPICIOUS_MOVE = YES;
				CLANG_WARN_UNGUARDED_AVAILABILITY = YES_AGGRESSIVE;
				CLANG_WARN_UNREACHABLE_CODE = YES;
				CLANG_WARN__DUPLICATE_METHOD_MATCH = YES;
				COPY_PHASE_STRIP = NO;
				DEBUG_INFORMATION_FORMAT = dwarf;
				ENABLE_STRICT_OBJC_MSGSEND = YES;
				ENABLE_TESTABILITY = YES;
				ENABLE_USER_SCRIPT_SANDBOXING = YES;
				GCC_C_LANGUAGE_STANDARD = gnu17;
				GCC_DYNAMIC_NO_PIC = NO;
				GCC_NO_COMMON_BLOCKS = YES;
				GCC_OPTIMIZATION_LEVEL = 0;
				GCC_PREPROCESSOR_DEFINITIONS = (
					"DEBUG=1",
					"$(inherited)",
				);
				GCC_WARN_64_TO_32_BIT_CONVERSION = YES;
				GCC_WARN_ABOUT_RETURN_TYPE = YES_ERROR;
				GCC_WARN_UNDECLARED_SELECTOR = YES;
				GCC_WARN_UNINITIALIZED_AUTOS = YES_AGGRESSIVE;
				GCC_WARN_UNUSED_FUNCTION = YES;
				GCC_WARN_UNUSED_VARIABLE = YES;
				IPHONEOS_DEPLOYMENT_TARGET = 17.5;
				LOCALIZATION_PREFERS_STRING_CATALOGS = YES;
				MTL_ENABLE_DEBUG_INFO = INCLUDE_SOURCE;
				MTL_FAST_MATH = YES;
				ONLY_ACTIVE_ARCH = YES;
				SDKROOT = iphoneos;
				SWIFT_ACTIVE_COMPILATION_CONDITIONS = "DEBUG $(inherited)";
				SWIFT_OPTIMIZATION_LEVEL = "-Onone";
			};
			name = Debug;
		};
		120803422D3D6EFD0075C2E7 /* Release */ = {
			isa = XCBuildConfiguration;
			buildSettings = {
				ALWAYS_SEARCH_USER_PATHS = NO;
				ASSETCATALOG_COMPILER_GENERATE_SWIFT_ASSET_SYMBOL_EXTENSIONS = YES;
				CLANG_ANALYZER_NONNULL = YES;
				CLANG_ANALYZER_NUMBER_OBJECT_CONVERSION = YES_AGGRESSIVE;
				CLANG_CXX_LANGUAGE_STANDARD = "gnu++20";
				CLANG_ENABLE_MODULES = YES;
				CLANG_ENABLE_OBJC_ARC = YES;
				CLANG_ENABLE_OBJC_WEAK = YES;
				CLANG_WARN_BLOCK_CAPTURE_AUTORELEASING = YES;
				CLANG_WARN_BOOL_CONVERSION = YES;
				CLANG_WARN_COMMA = YES;
				CLANG_WARN_CONSTANT_CONVERSION = YES;
				CLANG_WARN_DEPRECATED_OBJC_IMPLEMENTATIONS = YES;
				CLANG_WARN_DIRECT_OBJC_ISA_USAGE = YES_ERROR;
				CLANG_WARN_DOCUMENTATION_COMMENTS = YES;
				CLANG_WARN_EMPTY_BODY = YES;
				CLANG_WARN_ENUM_CONVERSION = YES;
				CLANG_WARN_INFINITE_RECURSION = YES;
				CLANG_WARN_INT_CONVERSION = YES;
				CLANG_WARN_NON_LITERAL_NULL_CONVERSION = YES;
				CLANG_WARN_OBJC_IMPLICIT_RETAIN_SELF = YES;
				CLANG_WARN_OBJC_LITERAL_CONVERSION = YES;
				CLANG_WARN_OBJC_ROOT_CLASS = YES_ERROR;
				CLANG_WARN_QUOTED_INCLUDE_IN_FRAMEWORK_HEADER = YES;
				CLANG_WARN_RANGE_LOOP_ANALYSIS = YES;
				CLANG_WARN_STRICT_PROTOTYPES = YES;
				CLANG_WARN_SUSPICIOUS_MOVE = YES;
				CLANG_WARN_UNGUARDED_AVAILABILITY = YES_AGGRESSIVE;
				CLANG_WARN_UNREACHABLE_CODE = YES;
				CLANG_WARN__DUPLICATE_METHOD_MATCH = YES;
				COPY_PHASE_STRIP = NO;
				DEBUG_INFORMATION_FORMAT = "dwarf-with-dsym";
				ENABLE_NS_ASSERTIONS = NO;
				ENABLE_STRICT_OBJC_MSGSEND = YES;
				ENABLE_USER_SCRIPT_SANDBOXING = YES;
				GCC_C_LANGUAGE_STANDARD = gnu17;
				GCC_NO_COMMON_BLOCKS = YES;
				GCC_WARN_64_TO_32_BIT_CONVERSION = YES;
				GCC_WARN_ABOUT_RETURN_TYPE = YES_ERROR;
				GCC_WARN_UNDECLARED_SELECTOR = YES;
				GCC_WARN_UNINITIALIZED_AUTOS = YES_AGGRESSIVE;
				GCC_WARN_UNUSED_FUNCTION = YES;
				GCC_WARN_UNUSED_VARIABLE = YES;
				IPHONEOS_DEPLOYMENT_TARGET = 17.5;
				LOCALIZATION_PREFERS_STRING_CATALOGS = YES;
				MTL_ENABLE_DEBUG_INFO = NO;
				MTL_FAST_MATH = YES;
				SDKROOT = iphoneos;
				SWIFT_COMPILATION_MODE = wholemodule;
				VALIDATE_PRODUCT = YES;
			};
			name = Release;
		};
		120803442D3D6EFD0075C2E7 /* Debug */ = {
			isa = XCBuildConfiguration;
			buildSettings = {
				ASSETCATALOG_COMPILER_APPICON_NAME = AppIcon;
				ASSETCATALOG_COMPILER_GLOBAL_ACCENT_COLOR_NAME = AccentColor;
				CODE_SIGN_STYLE = Automatic;
				CURRENT_PROJECT_VERSION = 1;
				DEVELOPMENT_TEAM = 3383BZV24G;
				GENERATE_INFOPLIST_FILE = YES;
				INFOPLIST_FILE = Messenger/Info.plist;
				INFOPLIST_KEY_NSCameraUsageDescription = "Please allow access to take a profile picture";
				INFOPLIST_KEY_NSPhotoLibraryAddUsageDescription = "Please allow access to select a photo for your profile ";
				INFOPLIST_KEY_UIApplicationSupportsIndirectInputEvents = YES;
				INFOPLIST_KEY_UILaunchStoryboardName = LaunchScreen;
				INFOPLIST_KEY_UIMainStoryboardFile = Main;
				INFOPLIST_KEY_UISupportedInterfaceOrientations_iPad = "UIInterfaceOrientationPortrait UIInterfaceOrientationPortraitUpsideDown";
				INFOPLIST_KEY_UISupportedInterfaceOrientations_iPhone = "UIInterfaceOrientationPortrait UIInterfaceOrientationLandscapeLeft UIInterfaceOrientationLandscapeRight";
				LD_RUNPATH_SEARCH_PATHS = (
					"$(inherited)",
					"@executable_path/Frameworks",
				);
				MARKETING_VERSION = 1.0;
				PRODUCT_BUNDLE_IDENTIFIER = com.alibaisholanov.Messenger;
				PRODUCT_NAME = "$(TARGET_NAME)";
				SWIFT_EMIT_LOC_STRINGS = YES;
				SWIFT_VERSION = 5.0;
				TARGETED_DEVICE_FAMILY = "1,2";
			};
			name = Debug;
		};
		120803452D3D6EFD0075C2E7 /* Release */ = {
			isa = XCBuildConfiguration;
			buildSettings = {
				ASSETCATALOG_COMPILER_APPICON_NAME = AppIcon;
				ASSETCATALOG_COMPILER_GLOBAL_ACCENT_COLOR_NAME = AccentColor;
				CODE_SIGN_STYLE = Automatic;
				CURRENT_PROJECT_VERSION = 1;
				DEVELOPMENT_TEAM = 3383BZV24G;
				GENERATE_INFOPLIST_FILE = YES;
				INFOPLIST_FILE = Messenger/Info.plist;
				INFOPLIST_KEY_NSCameraUsageDescription = "Please allow access to take a profile picture";
				INFOPLIST_KEY_NSPhotoLibraryAddUsageDescription = "Please allow access to select a photo for your profile ";
				INFOPLIST_KEY_UIApplicationSupportsIndirectInputEvents = YES;
				INFOPLIST_KEY_UILaunchStoryboardName = LaunchScreen;
				INFOPLIST_KEY_UIMainStoryboardFile = Main;
				INFOPLIST_KEY_UISupportedInterfaceOrientations_iPad = "UIInterfaceOrientationPortrait UIInterfaceOrientationPortraitUpsideDown";
				INFOPLIST_KEY_UISupportedInterfaceOrientations_iPhone = "UIInterfaceOrientationPortrait UIInterfaceOrientationLandscapeLeft UIInterfaceOrientationLandscapeRight";
				LD_RUNPATH_SEARCH_PATHS = (
					"$(inherited)",
					"@executable_path/Frameworks",
				);
				MARKETING_VERSION = 1.0;
				PRODUCT_BUNDLE_IDENTIFIER = com.alibaisholanov.Messenger;
				PRODUCT_NAME = "$(TARGET_NAME)";
				SWIFT_EMIT_LOC_STRINGS = YES;
				SWIFT_VERSION = 5.0;
				TARGETED_DEVICE_FAMILY = "1,2";
			};
			name = Release;
		};
		120803472D3D6EFD0075C2E7 /* Debug */ = {
			isa = XCBuildConfiguration;
			buildSettings = {
				ALWAYS_EMBED_SWIFT_STANDARD_LIBRARIES = YES;
				BUNDLE_LOADER = "$(TEST_HOST)";
				CODE_SIGN_STYLE = Automatic;
				CURRENT_PROJECT_VERSION = 1;
				DEVELOPMENT_TEAM = 3383BZV24G;
				GENERATE_INFOPLIST_FILE = YES;
				IPHONEOS_DEPLOYMENT_TARGET = 17.5;
				MARKETING_VERSION = 1.0;
				PRODUCT_BUNDLE_IDENTIFIER = com.alibaisholanov.MessengerTests;
				PRODUCT_NAME = "$(TARGET_NAME)";
				SWIFT_EMIT_LOC_STRINGS = NO;
				SWIFT_VERSION = 5.0;
				TARGETED_DEVICE_FAMILY = "1,2";
				TEST_HOST = "$(BUILT_PRODUCTS_DIR)/Messenger.app/$(BUNDLE_EXECUTABLE_FOLDER_PATH)/Messenger";
			};
			name = Debug;
		};
		120803482D3D6EFD0075C2E7 /* Release */ = {
			isa = XCBuildConfiguration;
			buildSettings = {
				ALWAYS_EMBED_SWIFT_STANDARD_LIBRARIES = YES;
				BUNDLE_LOADER = "$(TEST_HOST)";
				CODE_SIGN_STYLE = Automatic;
				CURRENT_PROJECT_VERSION = 1;
				DEVELOPMENT_TEAM = 3383BZV24G;
				GENERATE_INFOPLIST_FILE = YES;
				IPHONEOS_DEPLOYMENT_TARGET = 17.5;
				MARKETING_VERSION = 1.0;
				PRODUCT_BUNDLE_IDENTIFIER = com.alibaisholanov.MessengerTests;
				PRODUCT_NAME = "$(TARGET_NAME)";
				SWIFT_EMIT_LOC_STRINGS = NO;
				SWIFT_VERSION = 5.0;
				TARGETED_DEVICE_FAMILY = "1,2";
				TEST_HOST = "$(BUILT_PRODUCTS_DIR)/Messenger.app/$(BUNDLE_EXECUTABLE_FOLDER_PATH)/Messenger";
			};
			name = Release;
		};
		1208034A2D3D6EFD0075C2E7 /* Debug */ = {
			isa = XCBuildConfiguration;
			buildSettings = {
				ALWAYS_EMBED_SWIFT_STANDARD_LIBRARIES = YES;
				CODE_SIGN_STYLE = Automatic;
				CURRENT_PROJECT_VERSION = 1;
				DEVELOPMENT_TEAM = 3383BZV24G;
				GENERATE_INFOPLIST_FILE = YES;
				MARKETING_VERSION = 1.0;
				PRODUCT_BUNDLE_IDENTIFIER = com.alibaisholanov.MessengerUITests;
				PRODUCT_NAME = "$(TARGET_NAME)";
				SWIFT_EMIT_LOC_STRINGS = NO;
				SWIFT_VERSION = 5.0;
				TARGETED_DEVICE_FAMILY = "1,2";
				TEST_TARGET_NAME = Messenger;
			};
			name = Debug;
		};
		1208034B2D3D6EFD0075C2E7 /* Release */ = {
			isa = XCBuildConfiguration;
			buildSettings = {
				ALWAYS_EMBED_SWIFT_STANDARD_LIBRARIES = YES;
				CODE_SIGN_STYLE = Automatic;
				CURRENT_PROJECT_VERSION = 1;
				DEVELOPMENT_TEAM = 3383BZV24G;
				GENERATE_INFOPLIST_FILE = YES;
				MARKETING_VERSION = 1.0;
				PRODUCT_BUNDLE_IDENTIFIER = com.alibaisholanov.MessengerUITests;
				PRODUCT_NAME = "$(TARGET_NAME)";
				SWIFT_EMIT_LOC_STRINGS = NO;
				SWIFT_VERSION = 5.0;
				TARGETED_DEVICE_FAMILY = "1,2";
				TEST_TARGET_NAME = Messenger;
			};
			name = Release;
		};
/* End XCBuildConfiguration section */

/* Begin XCConfigurationList section */
		120803142D3D6EFD0075C2E7 /* Build configuration list for PBXProject "Messenger" */ = {
			isa = XCConfigurationList;
			buildConfigurations = (
				120803412D3D6EFD0075C2E7 /* Debug */,
				120803422D3D6EFD0075C2E7 /* Release */,
			);
			defaultConfigurationIsVisible = 0;
			defaultConfigurationName = Release;
		};
		120803432D3D6EFD0075C2E7 /* Build configuration list for PBXNativeTarget "Messenger" */ = {
			isa = XCConfigurationList;
			buildConfigurations = (
				120803442D3D6EFD0075C2E7 /* Debug */,
				120803452D3D6EFD0075C2E7 /* Release */,
			);
			defaultConfigurationIsVisible = 0;
			defaultConfigurationName = Release;
		};
		120803462D3D6EFD0075C2E7 /* Build configuration list for PBXNativeTarget "MessengerTests" */ = {
			isa = XCConfigurationList;
			buildConfigurations = (
				120803472D3D6EFD0075C2E7 /* Debug */,
				120803482D3D6EFD0075C2E7 /* Release */,
			);
			defaultConfigurationIsVisible = 0;
			defaultConfigurationName = Release;
		};
		120803492D3D6EFD0075C2E7 /* Build configuration list for PBXNativeTarget "MessengerUITests" */ = {
			isa = XCConfigurationList;
			buildConfigurations = (
				1208034A2D3D6EFD0075C2E7 /* Debug */,
				1208034B2D3D6EFD0075C2E7 /* Release */,
			);
			defaultConfigurationIsVisible = 0;
			defaultConfigurationName = Release;
		};
/* End XCConfigurationList section */

/* Begin XCRemoteSwiftPackageReference section */
		12A07EF22D40FE120029E6A3 /* XCRemoteSwiftPackageReference "firebase-ios-sdk" */ = {
			isa = XCRemoteSwiftPackageReference;
			repositoryURL = "https://github.com/firebase/firebase-ios-sdk";
			requirement = {
				kind = upToNextMajorVersion;
				minimumVersion = 11.7.0;
			};
		};
/* End XCRemoteSwiftPackageReference section */

/* Begin XCSwiftPackageProductDependency section */
		12A07EF32D40FE120029E6A3 /* FirebaseAnalytics */ = {
			isa = XCSwiftPackageProductDependency;
			package = 12A07EF22D40FE120029E6A3 /* XCRemoteSwiftPackageReference "firebase-ios-sdk" */;
			productName = FirebaseAnalytics;
		};
		12A07EF52D40FE120029E6A3 /* FirebaseAnalyticsOnDeviceConversion */ = {
			isa = XCSwiftPackageProductDependency;
			package = 12A07EF22D40FE120029E6A3 /* XCRemoteSwiftPackageReference "firebase-ios-sdk" */;
			productName = FirebaseAnalyticsOnDeviceConversion;
		};
		12A07EF72D40FE120029E6A3 /* FirebaseAnalyticsWithoutAdIdSupport */ = {
			isa = XCSwiftPackageProductDependency;
			package = 12A07EF22D40FE120029E6A3 /* XCRemoteSwiftPackageReference "firebase-ios-sdk" */;
			productName = FirebaseAnalyticsWithoutAdIdSupport;
		};
		12A07EF92D40FE120029E6A3 /* FirebaseAppCheck */ = {
			isa = XCSwiftPackageProductDependency;
			package = 12A07EF22D40FE120029E6A3 /* XCRemoteSwiftPackageReference "firebase-ios-sdk" */;
			productName = FirebaseAppCheck;
		};
		12A07EFB2D40FE120029E6A3 /* FirebaseAppDistribution-Beta */ = {
			isa = XCSwiftPackageProductDependency;
			package = 12A07EF22D40FE120029E6A3 /* XCRemoteSwiftPackageReference "firebase-ios-sdk" */;
			productName = "FirebaseAppDistribution-Beta";
		};
		12A07EFD2D4105750029E6A3 /* FirebaseAuth */ = {
			isa = XCSwiftPackageProductDependency;
			productName = FirebaseAuth;
		};
		12A07EFF2D4105750029E6A3 /* FirebaseAuthCombine-Community */ = {
			isa = XCSwiftPackageProductDependency;
			productName = "FirebaseAuthCombine-Community";
		};
		12A07F012D4105750029E6A3 /* FirebaseCore */ = {
			isa = XCSwiftPackageProductDependency;
			productName = FirebaseCore;
		};
		12A07F032D4105750029E6A3 /* FirebaseDatabase */ = {
			isa = XCSwiftPackageProductDependency;
			productName = FirebaseDatabase;
		};
/* End XCSwiftPackageProductDependency section */
	};
	rootObject = 120803112D3D6EFD0075C2E7 /* Project object */;
}
